
Microsoft Visual Studio Solution File, Format Version 12.00
# Visual Studio Version 16
VisualStudioVersion = 16.0.30804.86
MinimumVisualStudioVersion = 10.0.40219.1
Project("{FAE04EC0-301F-11D3-BF4B-00C04F79EFBC}") = "BlazorCars.Server", "Server\BlazorCars.Server.csproj", "{81AD9CB6-DC27-4DEC-B032-F64983D16640}"
EndProject
Project("{FAE04EC0-301F-11D3-BF4B-00C04F79EFBC}") = "BlazorCars.Client", "Client\BlazorCars.Client.csproj", "{A687A34E-B2DD-43F4-8915-B885AE722567}"
EndProject
Project("{FAE04EC0-301F-11D3-BF4B-00C04F79EFBC}") = "BlazorCars.Shared", "Shared\BlazorCars.Shared.csproj", "{9E2A6295-FAE9-45D0-AD6B-0BAFF98FA3E6}"
EndProject
Global
	GlobalSection(SolutionConfigurationPlatforms) = preSolution
		Debug|Any CPU = Debug|Any CPU
		Release|Any CPU = Release|Any CPU
	EndGlobalSection
	GlobalSection(ProjectConfigurationPlatforms) = postSolution
		{81AD9CB6-DC27-4DEC-B032-F64983D16640}.Debug|Any CPU.ActiveCfg = Debug|Any CPU
		{81AD9CB6-DC27-4DEC-B032-F64983D16640}.Debug|Any CPU.Build.0 = Debug|Any CPU
		{81AD9CB6-DC27-4DEC-B032-F64983D16640}.Release|Any CPU.ActiveCfg = Release|Any CPU
		{81AD9CB6-DC27-4DEC-B032-F64983D16640}.Release|Any CPU.Build.0 = Release|Any CPU
		{A687A34E-B2DD-43F4-8915-B885AE722567}.Debug|Any CPU.ActiveCfg = Debug|Any CPU
		{A687A34E-B2DD-43F4-8915-B885AE722567}.Debug|Any CPU.Build.0 = Debug|Any CPU
		{A687A34E-B2DD-43F4-8915-B885AE722567}.Release|Any CPU.ActiveCfg = Release|Any CPU
		{A687A34E-B2DD-43F4-8915-B885AE722567}.Release|Any CPU.Build.0 = Release|Any CPU
		{9E2A6295-FAE9-45D0-AD6B-0BAFF98FA3E6}.Debug|Any CPU.ActiveCfg = Debug|Any CPU
		{9E2A6295-FAE9-45D0-AD6B-0BAFF98FA3E6}.Debug|Any CPU.Build.0 = Debug|Any CPU
		{9E2A6295-FAE9-45D0-AD6B-0BAFF98FA3E6}.Release|Any CPU.ActiveCfg = Release|Any CPU
		{9E2A6295-FAE9-45D0-AD6B-0BAFF98FA3E6}.Release|Any CPU.Build.0 = Release|Any CPU
	EndGlobalSection
	GlobalSection(SolutionProperties) = preSolution
		HideSolutionNode = FALSE
	EndGlobalSection
	GlobalSection(ExtensibilityGlobals) = postSolution
		SolutionGuid = {2F48BA51-45FE-4398-8293-E19A362A84A6}
	EndGlobalSection
EndGlobal
